// !$*UTF8*$!
{
	archiveVersion = 1;
	classes = {
	};
	objectVersion = 55;
	objects = {

/* Begin PBXBuildFile section */
		8850C97C27FCC99A00A15C80 /* AppDelegate.swift in Sources */ = {isa = PBXBuildFile; fileRef = 8850C97B27FCC99A00A15C80 /* AppDelegate.swift */; };
		8850C97E27FCC99A00A15C80 /* SceneDelegate.swift in Sources */ = {isa = PBXBuildFile; fileRef = 8850C97D27FCC99A00A15C80 /* SceneDelegate.swift */; };
		8850C98027FCC99A00A15C80 /* ViewController.swift in Sources */ = {isa = PBXBuildFile; fileRef = 8850C97F27FCC99A00A15C80 /* ViewController.swift */; };
		8850C98327FCC99A00A15C80 /* Main.storyboard in Resources */ = {isa = PBXBuildFile; fileRef = 8850C98127FCC99A00A15C80 /* Main.storyboard */; };
		8850C98627FCC99A00A15C80 /* Messagerie.xcdatamodeld in Sources */ = {isa = PBXBuildFile; fileRef = 8850C98427FCC99A00A15C80 /* Messagerie.xcdatamodeld */; };
		8850C98827FCC99D00A15C80 /* Assets.xcassets in Resources */ = {isa = PBXBuildFile; fileRef = 8850C98727FCC99D00A15C80 /* Assets.xcassets */; };
		8850C98B27FCC99D00A15C80 /* LaunchScreen.storyboard in Resources */ = {isa = PBXBuildFile; fileRef = 8850C98927FCC99D00A15C80 /* LaunchScreen.storyboard */; };
		8850C99327FCD78600A15C80 /* MessagesViewController.swift in Sources */ = {isa = PBXBuildFile; fileRef = 8850C99227FCD78600A15C80 /* MessagesViewController.swift */; };
/* End PBXBuildFile section */

/* Begin PBXFileReference section */
		8850C97827FCC99A00A15C80 /* Messagerie.app */ = {isa = PBXFileReference; explicitFileType = wrapper.application; includeInIndex = 0; path = Messagerie.app; sourceTree = BUILT_PRODUCTS_DIR; };
		8850C97B27FCC99A00A15C80 /* AppDelegate.swift */ = {isa = PBXFileReference; lastKnownFileType = sourcecode.swift; path = AppDelegate.swift; sourceTree = "<group>"; };
		8850C97D27FCC99A00A15C80 /* SceneDelegate.swift */ = {isa = PBXFileReference; lastKnownFileType = sourcecode.swift; path = SceneDelegate.swift; sourceTree = "<group>"; };
		8850C97F27FCC99A00A15C80 /* ViewController.swift */ = {isa = PBXFileReference; lastKnownFileType = sourcecode.swift; path = ViewController.swift; sourceTree = "<group>"; };
		8850C98227FCC99A00A15C80 /* Base */ = {isa = PBXFileReference; lastKnownFileType = file.storyboard; name = Base; path = Base.lproj/Main.storyboard; sourceTree = "<group>"; };
		8850C98527FCC99A00A15C80 /* Messagerie.xcdatamodel */ = {isa = PBXFileReference; lastKnownFileType = wrapper.xcdatamodel; path = Messagerie.xcdatamodel; sourceTree = "<group>"; };
		8850C98727FCC99D00A15C80 /* Assets.xcassets */ = {isa = PBXFileReference; lastKnownFileType = folder.assetcatalog; path = Assets.xcassets; sourceTree = "<group>"; };
		8850C98A27FCC99D00A15C80 /* Base */ = {isa = PBXFileReference; lastKnownFileType = file.storyboard; name = Base; path = Base.lproj/LaunchScreen.storyboard; sourceTree = "<group>"; };
		8850C98C27FCC99D00A15C80 /* Info.plist */ = {isa = PBXFileReference; lastKnownFileType = text.plist.xml; path = Info.plist; sourceTree = "<group>"; };
		8850C99227FCD78600A15C80 /* MessagesViewController.swift */ = {isa = PBXFileReference; lastKnownFileType = sourcecode.swift; path = MessagesViewController.swift; sourceTree = "<group>"; };
/* End PBXFileReference section */

/* Begin PBXFrameworksBuildPhase section */
		8850C97527FCC99A00A15C80 /* Frameworks */ = {
			isa = PBXFrameworksBuildPhase;
			buildActionMask = 2147483647;
			files = (
			);
			runOnlyForDeploymentPostprocessing = 0;
		};
/* End PBXFrameworksBuildPhase section */

/* Begin PBXGroup section */
		8850C96F27FCC99A00A15C80 = {
			isa = PBXGroup;
			children = (
				8850C97A27FCC99A00A15C80 /* Messagerie */,
				8850C97927FCC99A00A15C80 /* Products */,
			);
			sourceTree = "<group>";
		};
		8850C97927FCC99A00A15C80 /* Products */ = {
			isa = PBXGroup;
			children = (
				8850C97827FCC99A00A15C80 /* Messagerie.app */,
			);
			name = Products;
			sourceTree = "<group>";
		};
		8850C97A27FCC99A00A15C80 /* Messagerie */ = {
			isa = PBXGroup;
			children = (
				8850C97B27FCC99A00A15C80 /* AppDelegate.swift */,
				8850C97D27FCC99A00A15C80 /* SceneDelegate.swift */,
				8850C97F27FCC99A00A15C80 /* ViewController.swift */,
				8850C99227FCD78600A15C80 /* MessagesViewController.swift */,
				8850C98127FCC99A00A15C80 /* Main.storyboard */,
				8850C98727FCC99D00A15C80 /* Assets.xcassets */,
				8850C98927FCC99D00A15C80 /* LaunchScreen.storyboard */,
				8850C98C27FCC99D00A15C80 /* Info.plist */,
				8850C98427FCC99A00A15C80 /* Messagerie.xcdatamodeld */,
			);
			path = Messagerie;
			sourceTree = "<group>";
		};
/* End PBXGroup section */

/* Begin PBXNativeTarget section */
		8850C97727FCC99A00A15C80 /* Messagerie */ = {
			isa = PBXNativeTarget;
			buildConfigurationList = 8850C98F27FCC99D00A15C80 /* Build configuration list for PBXNativeTarget "Messagerie" */;
			buildPhases = (
				8850C97427FCC99A00A15C80 /* Sources */,
				8850C97527FCC99A00A15C80 /* Frameworks */,
				8850C97627FCC99A00A15C80 /* Resources */,
			);
			buildRules = (
			);
			dependencies = (
			);
			name = Messagerie;
			productName = Messagerie;
			productReference = 8850C97827FCC99A00A15C80 /* Messagerie.app */;
			productType = "com.apple.product-type.application";
		};
/* End PBXNativeTarget section */

/* Begin PBXProject section */
		8850C97027FCC99A00A15C80 /* Project object */ = {
			isa = PBXProject;
			attributes = {
				BuildIndependentTargetsInParallel = 1;
				LastSwiftUpdateCheck = 1310;
				LastUpgradeCheck = 1310;
				TargetAttributes = {
					8850C97727FCC99A00A15C80 = {
						CreatedOnToolsVersion = 13.1;
					};
				};
			};
			buildConfigurationList = 8850C97327FCC99A00A15C80 /* Build configuration list for PBXProject "Messagerie" */;
			compatibilityVersion = "Xcode 13.0";
			developmentRegion = en;
			hasScannedForEncodings = 0;
			knownRegions = (
				en,
				Base,
			);
			mainGroup = 8850C96F27FCC99A00A15C80;
			productRefGroup = 8850C97927FCC99A00A15C80 /* Products */;
			projectDirPath = "";
			projectRoot = "";
			targets = (
				8850C97727FCC99A00A15C80 /* Messagerie */,
			);
		};
/* End PBXProject section */

/* Begin PBXResourcesBuildPhase section */
		8850C97627FCC99A00A15C80 /* Resources */ = {
			isa = PBXResourcesBuildPhase;
			buildActionMask = 2147483647;
			files = (
				8850C98B27FCC99D00A15C80 /* LaunchScreen.storyboard in Resources */,
				8850C98827FCC99D00A15C80 /* Assets.xcassets in Resources */,
				8850C98327FCC99A00A15C80 /* Main.storyboard in Resources */,
			);
			runOnlyForDeploymentPostprocessing = 0;
		};
/* End PBXResourcesBuildPhase section */

/* Begin PBXSourcesBuildPhase section */
		8850C97427FCC99A00A15C80 /* Sources */ = {
			isa = PBXSourcesBuildPhase;
			buildActionMask = 2147483647;
			files = (
				8850C99327FCD78600A15C80 /* MessagesViewController.swift in Sources */,
				8850C98627FCC99A00A15C80 /* Messagerie.xcdatamodeld in Sources */,
				8850C98027FCC99A00A15C80 /* ViewController.swift in Sources */,
				8850C97C27FCC99A00A15C80 /* AppDelegate.swift in Sources */,
				8850C97E27FCC99A00A15C80 /* SceneDelegate.swift in Sources */,
			);
			runOnlyForDeploymentPostprocessing = 0;
		};
/* End PBXSourcesBuildPhase section */

/* Begin PBXVariantGroup section */
		8850C98127FCC99A00A15C80 /* Main.storyboard */ = {
			isa = PBXVariantGroup;
			children = (
				8850C98227FCC99A00A15C80 /* Base */,
			);
			name = Main.storyboard;
			sourceTree = "<group>";
		};
		8850C98927FCC99D00A15C80 /* LaunchScreen.storyboard */ = {
			isa = PBXVariantGroup;
			children = (
				8850C98A27FCC99D00A15C80 /* Base */,
			);
			name = LaunchScreen.storyboard;
			sourceTree = "<group>";
		};
/* End PBXVariantGroup section */

/* Begin XCBuildConfiguration section */
		8850C98D27FCC99D00A15C80 /* Debug */ = {
			isa = XCBuildConfiguration;
			buildSettings = {
				ALWAYS_SEARCH_USER_PATHS = NO;
				CLANG_ANALYZER_NONNULL = YES;
				CLANG_ANALYZER_NUMBER_OBJECT_CONVERSION = YES_AGGRESSIVE;
				CLANG_CXX_LANGUAGE_STANDARD = "gnu++17";
				CLANG_CXX_LIBRARY = "libc++";
				CLANG_ENABLE_MODULES = YES;
				CLANG_ENABLE_OBJC_ARC = YES;
				CLANG_ENABLE_OBJC_WEAK = YES;
				CLANG_WARN_BLOCK_CAPTURE_AUTORELEASING = YES;
				CLANG_WARN_BOOL_CONVERSION = YES;
				CLANG_WARN_COMMA = YES;
				CLANG_WARN_CONSTANT_CONVERSION = YES;
				CLANG_WARN_DEPRECATED_OBJC_IMPLEMENTATIONS = YES;
				CLANG_WARN_DIRECT_OBJC_ISA_USAGE = YES_ERROR;
				CLANG_WARN_DOCUMENTATION_COMMENTS = YES;
				CLANG_WARN_EMPTY_BODY = YES;
				CLANG_WARN_ENUM_CONVERSION = YES;
				CLANG_WARN_INFINITE_RECURSION = YES;
				CLANG_WARN_INT_CONVERSION = YES;
				CLANG_WARN_NON_LITERAL_NULL_CONVERSION = YES;
				CLANG_WARN_OBJC_IMPLICIT_RETAIN_SELF = YES;
				CLANG_WARN_OBJC_LITERAL_CONVERSION = YES;
				CLANG_WARN_OBJC_ROOT_CLASS = YES_ERROR;
				CLANG_WARN_QUOTED_INCLUDE_IN_FRAMEWORK_HEADER = YES;
				CLANG_WARN_RANGE_LOOP_ANALYSIS = YES;
				CLANG_WARN_STRICT_PROTOTYPES = YES;
				CLANG_WARN_SUSPICIOUS_MOVE = YES;
				CLANG_WARN_UNGUARDED_AVAILABILITY = YES_AGGRESSIVE;
				CLANG_WARN_UNREACHABLE_CODE = YES;
				CLANG_WARN__DUPLICATE_METHOD_MATCH = YES;
				COPY_PHASE_STRIP = NO;
				DEBUG_INFORMATION_FORMAT = dwarf;
				ENABLE_STRICT_OBJC_MSGSEND = YES;
				ENABLE_TESTABILITY = YES;
				GCC_C_LANGUAGE_STANDARD = gnu11;
				GCC_DYNAMIC_NO_PIC = NO;
				GCC_NO_COMMON_BLOCKS = YES;
				GCC_OPTIMIZATION_LEVEL = 0;
				GCC_PREPROCESSOR_DEFINITIONS = (
					"DEBUG=1",
					"$(inherited)",
				);
				GCC_WARN_64_TO_32_BIT_CONVERSION = YES;
				GCC_WARN_ABOUT_RETURN_TYPE = YES_ERROR;
				GCC_WARN_UNDECLARED_SELECTOR = YES;
				GCC_WARN_UNINITIALIZED_AUTOS = YES_AGGRESSIVE;
				GCC_WARN_UNUSED_FUNCTION = YES;
				GCC_WARN_UNUSED_VARIABLE = YES;
				IPHONEOS_DEPLOYMENT_TARGET = 15.0;
				MTL_ENABLE_DEBUG_INFO = INCLUDE_SOURCE;
				MTL_FAST_MATH = YES;
				ONLY_ACTIVE_ARCH = YES;
				SDKROOT = iphoneos;
				SWIFT_ACTIVE_COMPILATION_CONDITIONS = DEBUG;
				SWIFT_OPTIMIZATION_LEVEL = "-Onone";
			};
			name = Debug;
		};
		8850C98E27FCC99D00A15C80 /* Release */ = {
			isa = XCBuildConfiguration;
			buildSettings = {
				ALWAYS_SEARCH_USER_PATHS = NO;
				CLANG_ANALYZER_NONNULL = YES;
				CLANG_ANALYZER_NUMBER_OBJECT_CONVERSION = YES_AGGRESSIVE;
				CLANG_CXX_LANGUAGE_STANDARD = "gnu++17";
				CLANG_CXX_LIBRARY = "libc++";
				CLANG_ENABLE_MODULES = YES;
				CLANG_ENABLE_OBJC_ARC = YES;
				CLANG_ENABLE_OBJC_WEAK = YES;
				CLANG_WARN_BLOCK_CAPTURE_AUTORELEASING = YES;
				CLANG_WARN_BOOL_CONVERSION = YES;
				CLANG_WARN_COMMA = YES;
				CLANG_WARN_CONSTANT_CONVERSION = YES;
				CLANG_WARN_DEPRECATED_OBJC_IMPLEMENTATIONS = YES;
				CLANG_WARN_DIRECT_OBJC_ISA_USAGE = YES_ERROR;
				CLANG_WARN_DOCUMENTATION_COMMENTS = YES;
				CLANG_WARN_EMPTY_BODY = YES;
				CLANG_WARN_ENUM_CONVERSION = YES;
				CLANG_WARN_INFINITE_RECURSION = YES;
				CLANG_WARN_INT_CONVERSION = YES;
				CLANG_WARN_NON_LITERAL_NULL_CONVERSION = YES;
				CLANG_WARN_OBJC_IMPLICIT_RETAIN_SELF = YES;
				CLANG_WARN_OBJC_LITERAL_CONVERSION = YES;
				CLANG_WARN_OBJC_ROOT_CLASS = YES_ERROR;
				CLANG_WARN_QUOTED_INCLUDE_IN_FRAMEWORK_HEADER = YES;
				CLANG_WARN_RANGE_LOOP_ANALYSIS = YES;
				CLANG_WARN_STRICT_PROTOTYPES = YES;
				CLANG_WARN_SUSPICIOUS_MOVE = YES;
				CLANG_WARN_UNGUARDED_AVAILABILITY = YES_AGGRESSIVE;
				CLANG_WARN_UNREACHABLE_CODE = YES;
				CLANG_WARN__DUPLICATE_METHOD_MATCH = YES;
				COPY_PHASE_STRIP = NO;
				DEBUG_INFORMATION_FORMAT = "dwarf-with-dsym";
				ENABLE_NS_ASSERTIONS = NO;
				ENABLE_STRICT_OBJC_MSGSEND = YES;
				GCC_C_LANGUAGE_STANDARD = gnu11;
				GCC_NO_COMMON_BLOCKS = YES;
				GCC_WARN_64_TO_32_BIT_CONVERSION = YES;
				GCC_WARN_ABOUT_RETURN_TYPE = YES_ERROR;
				GCC_WARN_UNDECLARED_SELECTOR = YES;
				GCC_WARN_UNINITIALIZED_AUTOS = YES_AGGRESSIVE;
				GCC_WARN_UNUSED_FUNCTION = YES;
				GCC_WARN_UNUSED_VARIABLE = YES;
				IPHONEOS_DEPLOYMENT_TARGET = 15.0;
				MTL_ENABLE_DEBUG_INFO = NO;
				MTL_FAST_MATH = YES;
				SDKROOT = iphoneos;
				SWIFT_COMPILATION_MODE = wholemodule;
				SWIFT_OPTIMIZATION_LEVEL = "-O";
				VALIDATE_PRODUCT = YES;
			};
			name = Release;
		};
		8850C99027FCC99D00A15C80 /* Debug */ = {
			isa = XCBuildConfiguration;
			buildSettings = {
				ASSETCATALOG_COMPILER_APPICON_NAME = AppIcon;
				ASSETCATALOG_COMPILER_GLOBAL_ACCENT_COLOR_NAME = AccentColor;
				CODE_SIGN_STYLE = Automatic;
				CURRENT_PROJECT_VERSION = 1;
				GENERATE_INFOPLIST_FILE = YES;
				INFOPLIST_FILE = Messagerie/Info.plist;
				INFOPLIST_KEY_UIApplicationSupportsIndirectInputEvents = YES;
				INFOPLIST_KEY_UILaunchStoryboardName = LaunchScreen;
				INFOPLIST_KEY_UIMainStoryboardFile = Main;
				INFOPLIST_KEY_UISupportedInterfaceOrientations_iPad = "UIInterfaceOrientationPortrait UIInterfaceOrientationPortraitUpsideDown UIInterfaceOrientationLandscapeLeft UIInterfaceOrientationLandscapeRight";
				INFOPLIST_KEY_UISupportedInterfaceOrientations_iPhone = "UIInterfaceOrientationPortrait UIInterfaceOrientationLandscapeLeft UIInterfaceOrientationLandscapeRight";
				LD_RUNPATH_SEARCH_PATHS = (
					"$(inherited)",
					"@executable_path/Frameworks",
				);
				MARKETING_VERSION = 1.0;
				PRODUCT_BUNDLE_IDENTIFIER = esprit.tn.Messagerie;
				PRODUCT_NAME = "$(TARGET_NAME)";
				SWIFT_EMIT_LOC_STRINGS = YES;
				SWIFT_VERSION = 5.0;
				TARGETED_DEVICE_FAMILY = "1,2";
			};
			name = Debug;
		};
		8850C99127FCC99D00A15C80 /* Release */ = {
			isa = XCBuildConfiguration;
			buildSettings = {
				ASSETCATALOG_COMPILER_APPICON_NAME = AppIcon;
				ASSETCATALOG_COMPILER_GLOBAL_ACCENT_COLOR_NAME = AccentColor;
				CODE_SIGN_STYLE = Automatic;
				CURRENT_PROJECT_VERSION = 1;
				GENERATE_INFOPLIST_FILE = YES;
				INFOPLIST_FILE = Messagerie/Info.plist;
				INFOPLIST_KEY_UIApplicationSupportsIndirectInputEvents = YES;
				INFOPLIST_KEY_UILaunchStoryboardName = LaunchScreen;
				INFOPLIST_KEY_UIMainStoryboardFile = Main;
				INFOPLIST_KEY_UISupportedInterfaceOrientations_iPad = "UIInterfaceOrientationPortrait UIInterfaceOrientationPortraitUpsideDown UIInterfaceOrientationLandscapeLeft UIInterfaceOrientationLandscapeRight";
				INFOPLIST_KEY_UISupportedInterfaceOrientations_iPhone = "UIInterfaceOrientationPortrait UIInterfaceOrientationLandscapeLeft UIInterfaceOrientationLandscapeRight";
				LD_RUNPATH_SEARCH_PATHS = (
					"$(inherited)",
					"@executable_path/Frameworks",
				);
				MARKETING_VERSION = 1.0;
				PRODUCT_BUNDLE_IDENTIFIER = esprit.tn.Messagerie;
				PRODUCT_NAME = "$(TARGET_NAME)";
				SWIFT_EMIT_LOC_STRINGS = YES;
				SWIFT_VERSION = 5.0;
				TARGETED_DEVICE_FAMILY = "1,2";
			};
			name = Release;
		};
/* End XCBuildConfiguration section */

/* Begin XCConfigurationList section */
		8850C97327FCC99A00A15C80 /* Build configuration list for PBXProject "Messagerie" */ = {
			isa = XCConfigurationList;
			buildConfigurations = (
				8850C98D27FCC99D00A15C80 /* Debug */,
				8850C98E27FCC99D00A15C80 /* Release */,
			);
			defaultConfigurationIsVisible = 0;
			defaultConfigurationName = Release;
		};
		8850C98F27FCC99D00A15C80 /* Build configuration list for PBXNativeTarget "Messagerie" */ = {
			isa = XCConfigurationList;
			buildConfigurations = (
				8850C99027FCC99D00A15C80 /* Debug */,
				8850C99127FCC99D00A15C80 /* Release */,
			);
			defaultConfigurationIsVisible = 0;
			defaultConfigurationName = Release;
		};
/* End XCConfigurationList section */

/* Begin XCVersionGroup section */
		8850C98427FCC99A00A15C80 /* Messagerie.xcdatamodeld */ = {
			isa = XCVersionGroup;
			children = (
				8850C98527FCC99A00A15C80 /* Messagerie.xcdatamodel */,
			);
			currentVersion = 8850C98527FCC99A00A15C80 /* Messagerie.xcdatamodel */;
			path = Messagerie.xcdatamodeld;
			sourceTree = "<group>";
			versionGroupType = wrapper.xcdatamodel;
		};
/* End XCVersionGroup section */
	};
	rootObject = 8850C97027FCC99A00A15C80 /* Project object */;
}
